{
  "name": "blockstr",
  "version": "0.0.0",
  "lockfileVersion": 2,
  "requires": true,
  "packages": {
    "": {
      "name": "blockstr",
      "version": "0.0.0",
      "license": "MIT",
      "dependencies": {
        "bclient": "^0.1.7",
        "boogers": "github:pinheadmz/boogers",
        "pureimage": "^0.3.17"
      },
      "devDependencies": {
        "bmocha": "^2.1.8"
      }
    },
    "node_modules/bcfg": {
      "version": "0.1.8",
      "resolved": "https://registry.npmjs.org/bcfg/-/bcfg-0.1.8.tgz",
      "integrity": "sha512-1zHJM1/sztv9ldutWyJDZSRYQJEuRBTIzLWZ2J5ncWoWI2T6b4/hahhvQmnzucfeleU5Mx5+bcwCsF2wcWt2vA==",
      "dependencies": {
        "bsert": "~0.0.10"
      },
      "engines": {
        "node": ">=8.0.0"
      }
    },
    "node_modules/bclient": {
      "version": "0.1.7",
      "resolved": "https://registry.npmjs.org/bclient/-/bclient-0.1.7.tgz",
      "integrity": "sha512-tD1b48VGrJ10Hkv1Slew88DLcIBAYbhjGIwO7fRPp0mTcc5jZjGhFjsrHwgPsChj9HYctA8yMw/ChGfheqZGDA==",
      "dependencies": {
        "bcfg": "~0.1.6",
        "bcurl": "~0.1.6",
        "bsert": "~0.0.10"
      },
      "bin": {
        "bcoin-cli": "bin/bcoin-cli",
        "bwallet-cli": "bin/bwallet-cli"
      },
      "engines": {
        "node": ">=8.0.0"
      }
    },
    "node_modules/bcrypto": {
      "version": "5.4.0",
      "resolved": "https://registry.npmjs.org/bcrypto/-/bcrypto-5.4.0.tgz",
      "integrity": "sha512-KDX2CR29o6ZoqpQndcCxFZAtYA1jDMnXU3jmCfzP44g++Cu7AHHtZN/JbrN/MXAg9SLvtQ8XISG+eVD9zH1+Jg==",
      "hasInstallScript": true,
      "dependencies": {
        "bufio": "~1.0.7",
        "loady": "~0.0.5"
      },
      "engines": {
        "node": ">=8.0.0"
      }
    },
    "node_modules/bcurl": {
      "version": "0.1.10",
      "resolved": "https://registry.npmjs.org/bcurl/-/bcurl-0.1.10.tgz",
      "integrity": "sha512-NPxrIkc61tI2FvuibKW8IHaWs7YpgGvOWTgYEJYoE0vOiCvjuL6PXeKYq6bZqadeZfQ6v+R74qvj3Siiv+/Pvg==",
      "dependencies": {
        "brq": "~0.1.8",
        "bsert": "~0.0.10",
        "bsock": "~0.1.9"
      },
      "engines": {
        "node": ">=8.0.0"
      }
    },
    "node_modules/bmocha": {
      "version": "2.1.8",
      "resolved": "https://registry.npmjs.org/bmocha/-/bmocha-2.1.8.tgz",
      "integrity": "sha512-bog23Ckl9lRyBxrsi4FmX1rTz4d1WhHRpIA+q2lpoiXmNuroMHr1JUOU5sPiMZwvhLCxqffvWv3xCJC7PC126w==",
      "dev": true,
      "bin": {
        "_bmocha": "bin/_bmocha",
        "bmocha": "bin/bmocha"
      },
      "engines": {
        "node": ">=8.0.0"
      }
    },
    "node_modules/boogers": {
      "version": "1.0.0",
      "resolved": "git+ssh://git@github.com/pinheadmz/boogers.git#d878c65fc6ba00f65bae0113a365733728771a41",
      "license": "MIT",
      "dependencies": {
        "bcrypto": "^5.4.0",
        "bsert": "^0.0.12",
        "ws": "^8.13.0"
      }
    },
    "node_modules/brq": {
      "version": "0.1.8",
      "resolved": "https://registry.npmjs.org/brq/-/brq-0.1.8.tgz",
      "integrity": "sha512-6SDY1lJMKXgt5TZ6voJQMH2zV1XPWWtm203PSkx3DSg9AYNYuRfOPFSBDkNemabzgpzFW9/neR4YhTvyJml8rQ==",
      "dependencies": {
        "bsert": "~0.0.10"
      },
      "engines": {
        "node": ">=8.0.0"
      }
    },
    "node_modules/bsert": {
      "version": "0.0.12",
      "resolved": "https://registry.npmjs.org/bsert/-/bsert-0.0.12.tgz",
      "integrity": "sha512-lUB0EMu4KhIf+VQ6RZJ7J3dFdohYSeta+gNgDi00Hi/t3k/W6xZlwm9PSSG0q7hJ2zW9Rsn5yaMPymETxroTRw==",
      "engines": {
        "node": ">=8.0.0"
      }
    },
    "node_modules/bsock": {
      "version": "0.1.9",
      "resolved": "https://registry.npmjs.org/bsock/-/bsock-0.1.9.tgz",
      "integrity": "sha512-/l9Kg/c5o+n/0AqreMxh2jpzDMl1ikl4gUxT7RFNe3A3YRIyZkiREhwcjmqxiymJSRI/Qhew357xGn1SLw/xEw==",
      "dependencies": {
        "bsert": "~0.0.10"
      },
      "engines": {
        "node": ">=8.0.0"
      }
    },
    "node_modules/bufio": {
      "version": "1.0.7",
      "resolved": "https://registry.npmjs.org/bufio/-/bufio-1.0.7.tgz",
      "integrity": "sha512-bd1dDQhiC+bEbEfg56IdBv7faWa6OipMs/AFFFvtFnB3wAYjlwQpQRZ0pm6ZkgtfL0pILRXhKxOiQj6UzoMR7A==",
      "engines": {
        "node": ">=8.0.0"
      }
    },
    "node_modules/jpeg-js": {
      "version": "0.4.4",
      "resolved": "https://registry.npmjs.org/jpeg-js/-/jpeg-js-0.4.4.tgz",
      "integrity": "sha512-WZzeDOEtTOBK4Mdsar0IqEU5sMr3vSV2RqkAIzUEV2BHnUfKGyswWFPFwK5EeDo93K3FohSHbLAjj0s1Wzd+dg=="
    },
    "node_modules/loady": {
      "version": "0.0.5",
      "resolved": "https://registry.npmjs.org/loady/-/loady-0.0.5.tgz",
      "integrity": "sha512-uxKD2HIj042/HBx77NBcmEPsD+hxCgAtjEWlYNScuUjIsh/62Uyu39GOR68TBR68v+jqDL9zfftCWoUo4y03sQ==",
      "engines": {
        "node": ">=8.0.0"
      }
    },
    "node_modules/opentype.js": {
      "version": "0.4.11",
      "resolved": "https://registry.npmjs.org/opentype.js/-/opentype.js-0.4.11.tgz",
      "integrity": "sha512-GthxucX/6aftfLdeU5Ho7o7zmQcC8uVtqdcelVq12X++ndxwBZG8Xb5rFEKT7nEcWDD2P1x+TNuJ70jtj1Mbpw==",
      "bin": {
        "ot": "bin/ot"
      }
    },
    "node_modules/pngjs": {
      "version": "3.4.0",
      "resolved": "https://registry.npmjs.org/pngjs/-/pngjs-3.4.0.tgz",
      "integrity": "sha512-NCrCHhWmnQklfH4MtJMRjZ2a8c80qXeMlQMv2uVp9ISJMTt562SbGd6n2oq0PaPgKm7Z6pL9E2UlLIhC+SHL3w==",
      "engines": {
        "node": ">=4.0.0"
      }
    },
    "node_modules/pureimage": {
      "version": "0.3.17",
      "resolved": "https://registry.npmjs.org/pureimage/-/pureimage-0.3.17.tgz",
      "integrity": "sha512-JV4hfYF1BXxDwbSR8hjhVEhVTxwmAXos8uIXQ7Bw2eWrUEpLDJnQoQ8WLlWAO4TMGJ7mp9n6gvLKJ6MSaGUkXQ==",
      "dependencies": {
        "jpeg-js": "^0.4.1",
        "opentype.js": "^0.4.3",
        "pngjs": "^3.3.1"
      },
      "engines": {
        "node": ">=0.8"
      }
    },
    "node_modules/ws": {
      "version": "8.13.0",
      "resolved": "https://registry.npmjs.org/ws/-/ws-8.13.0.tgz",
      "integrity": "sha512-x9vcZYTrFPC7aSIbj7sRCYo7L/Xb8Iy+pW0ng0wt2vCJv7M9HOMy0UoN3rr+IFC7hb7vXoqS+P9ktyLLLhO+LA==",
      "engines": {
        "node": ">=10.0.0"
      },
      "peerDependencies": {
        "bufferutil": "^4.0.1",
        "utf-8-validate": ">=5.0.2"
      },
      "peerDependenciesMeta": {
        "bufferutil": {
          "optional": true
        },
        "utf-8-validate": {
          "optional": true
        }
      }
    }
  },
  "dependencies": {
    "bcfg": {
      "version": "0.1.8",
      "resolved": "https://registry.npmjs.org/bcfg/-/bcfg-0.1.8.tgz",
      "integrity": "sha512-1zHJM1/sztv9ldutWyJDZSRYQJEuRBTIzLWZ2J5ncWoWI2T6b4/hahhvQmnzucfeleU5Mx5+bcwCsF2wcWt2vA==",
      "requires": {
        "bsert": "~0.0.10"
      }
    },
    "bclient": {
      "version": "0.1.7",
      "resolved": "https://registry.npmjs.org/bclient/-/bclient-0.1.7.tgz",
      "integrity": "sha512-tD1b48VGrJ10Hkv1Slew88DLcIBAYbhjGIwO7fRPp0mTcc5jZjGhFjsrHwgPsChj9HYctA8yMw/ChGfheqZGDA==",
      "requires": {
        "bcfg": "~0.1.6",
        "bcurl": "~0.1.6",
        "bsert": "~0.0.10"
      }
    },
    "bcrypto": {
      "version": "5.4.0",
      "resolved": "https://registry.npmjs.org/bcrypto/-/bcrypto-5.4.0.tgz",
      "integrity": "sha512-KDX2CR29o6ZoqpQndcCxFZAtYA1jDMnXU3jmCfzP44g++Cu7AHHtZN/JbrN/MXAg9SLvtQ8XISG+eVD9zH1+Jg==",
      "requires": {
        "bufio": "~1.0.7",
        "loady": "~0.0.5"
      }
    },
    "bcurl": {
      "version": "0.1.10",
      "resolved": "https://registry.npmjs.org/bcurl/-/bcurl-0.1.10.tgz",
      "integrity": "sha512-NPxrIkc61tI2FvuibKW8IHaWs7YpgGvOWTgYEJYoE0vOiCvjuL6PXeKYq6bZqadeZfQ6v+R74qvj3Siiv+/Pvg==",
      "requires": {
        "brq": "~0.1.8",
        "bsert": "~0.0.10",
        "bsock": "~0.1.9"
      }
    },
    "bmocha": {
      "version": "2.1.8",
      "resolved": "https://registry.npmjs.org/bmocha/-/bmocha-2.1.8.tgz",
      "integrity": "sha512-bog23Ckl9lRyBxrsi4FmX1rTz4d1WhHRpIA+q2lpoiXmNuroMHr1JUOU5sPiMZwvhLCxqffvWv3xCJC7PC126w==",
      "dev": true
    },
    "boogers": {
      "version": "git+ssh://git@github.com/pinheadmz/boogers.git#d878c65fc6ba00f65bae0113a365733728771a41",
      "from": "boogers@github:pinheadmz/boogers",
      "requires": {
        "bcrypto": "^5.4.0",
        "bsert": "^0.0.12",
        "ws": "^8.13.0"
      }
    },
    "brq": {
      "version": "0.1.8",
      "resolved": "https://registry.npmjs.org/brq/-/brq-0.1.8.tgz",
      "integrity": "sha512-6SDY1lJMKXgt5TZ6voJQMH2zV1XPWWtm203PSkx3DSg9AYNYuRfOPFSBDkNemabzgpzFW9/neR4YhTvyJml8rQ==",
      "requires": {
        "bsert": "~0.0.10"
      }
    },
    "bsert": {
      "version": "0.0.12",
      "resolved": "https://registry.npmjs.org/bsert/-/bsert-0.0.12.tgz",
      "integrity": "sha512-lUB0EMu4KhIf+VQ6RZJ7J3dFdohYSeta+gNgDi00Hi/t3k/W6xZlwm9PSSG0q7hJ2zW9Rsn5yaMPymETxroTRw=="
    },
    "bsock": {
      "version": "0.1.9",
      "resolved": "https://registry.npmjs.org/bsock/-/bsock-0.1.9.tgz",
      "integrity": "sha512-/l9Kg/c5o+n/0AqreMxh2jpzDMl1ikl4gUxT7RFNe3A3YRIyZkiREhwcjmqxiymJSRI/Qhew357xGn1SLw/xEw==",
      "requires": {
        "bsert": "~0.0.10"
      }
    },
    "bufio": {
      "version": "1.0.7",
      "resolved": "https://registry.npmjs.org/bufio/-/bufio-1.0.7.tgz",
      "integrity": "sha512-bd1dDQhiC+bEbEfg56IdBv7faWa6OipMs/AFFFvtFnB3wAYjlwQpQRZ0pm6ZkgtfL0pILRXhKxOiQj6UzoMR7A=="
    },
    "jpeg-js": {
      "version": "0.4.4",
      "resolved": "https://registry.npmjs.org/jpeg-js/-/jpeg-js-0.4.4.tgz",
      "integrity": "sha512-WZzeDOEtTOBK4Mdsar0IqEU5sMr3vSV2RqkAIzUEV2BHnUfKGyswWFPFwK5EeDo93K3FohSHbLAjj0s1Wzd+dg=="
    },
    "loady": {
      "version": "0.0.5",
      "resolved": "https://registry.npmjs.org/loady/-/loady-0.0.5.tgz",
      "integrity": "sha512-uxKD2HIj042/HBx77NBcmEPsD+hxCgAtjEWlYNScuUjIsh/62Uyu39GOR68TBR68v+jqDL9zfftCWoUo4y03sQ=="
    },
    "opentype.js": {
      "version": "0.4.11",
      "resolved": "https://registry.npmjs.org/opentype.js/-/opentype.js-0.4.11.tgz",
      "integrity": "sha512-GthxucX/6aftfLdeU5Ho7o7zmQcC8uVtqdcelVq12X++ndxwBZG8Xb5rFEKT7nEcWDD2P1x+TNuJ70jtj1Mbpw=="
    },
    "pngjs": {
      "version": "3.4.0",
      "resolved": "https://registry.npmjs.org/pngjs/-/pngjs-3.4.0.tgz",
      "integrity": "sha512-NCrCHhWmnQklfH4MtJMRjZ2a8c80qXeMlQMv2uVp9ISJMTt562SbGd6n2oq0PaPgKm7Z6pL9E2UlLIhC+SHL3w=="
    },
    "pureimage": {
      "version": "0.3.17",
      "resolved": "https://registry.npmjs.org/pureimage/-/pureimage-0.3.17.tgz",
      "integrity": "sha512-JV4hfYF1BXxDwbSR8hjhVEhVTxwmAXos8uIXQ7Bw2eWrUEpLDJnQoQ8WLlWAO4TMGJ7mp9n6gvLKJ6MSaGUkXQ==",
      "requires": {
        "jpeg-js": "^0.4.1",
        "opentype.js": "^0.4.3",
        "pngjs": "^3.3.1"
      }
    },
    "ws": {
      "version": "8.13.0",
      "resolved": "https://registry.npmjs.org/ws/-/ws-8.13.0.tgz",
      "integrity": "sha512-x9vcZYTrFPC7aSIbj7sRCYo7L/Xb8Iy+pW0ng0wt2vCJv7M9HOMy0UoN3rr+IFC7hb7vXoqS+P9ktyLLLhO+LA==",
      "requires": {}
    }
  }
}
